
Microsoft Visual Studio Solution File, Format Version 12.00
# Visual Studio Version 16
VisualStudioVersion = 16.0.32602.291
MinimumVisualStudioVersion = 10.0.40219.1
Project("{FAE04EC0-301F-11D3-BF4B-00C04F79EFBC}") = "Devops", "Devops\Devops.csproj", "{3123D993-A2EC-41C4-B01C-537DF3864E4B}"
EndProject
Global
	GlobalSection(SolutionConfigurationPlatforms) = preSolution
		Debug|Any CPU = Debug|Any CPU
		Release|Any CPU = Release|Any CPU
	EndGlobalSection
	GlobalSection(ProjectConfigurationPlatforms) = postSolution
		{3123D993-A2EC-41C4-B01C-537DF3864E4B}.Debug|Any CPU.ActiveCfg = Debug|Any CPU
		{3123D993-A2EC-41C4-B01C-537DF3864E4B}.Debug|Any CPU.Build.0 = Debug|Any CPU
		{3123D993-A2EC-41C4-B01C-537DF3864E4B}.Release|Any CPU.ActiveCfg = Release|Any CPU
		{3123D993-A2EC-41C4-B01C-537DF3864E4B}.Release|Any CPU.Build.0 = Release|Any CPU
	EndGlobalSection
	GlobalSection(SolutionProperties) = preSolution
		HideSolutionNode = FALSE
	EndGlobalSection
	GlobalSection(ExtensibilityGlobals) = postSolution
		SolutionGuid = {53E8B57C-B232-4895-A2EA-730BA3A92B44}
	EndGlobalSection
EndGlobal
